
Microsoft Visual Studio Solution File, Format Version 12.00
# Visual Studio Version 17
VisualStudioVersion = 17.9.34723.18
MinimumVisualStudioVersion = 10.0.40219.1
Project("{FAE04EC0-301F-11D3-BF4B-00C04F79EFBC}") = "Entity_FrameWork", "Entity_FrameWork.csproj", "{EBF28FCD-5DA0-46D7-A7F3-6D750BA92B94}"
EndProject
Global
	GlobalSection(SolutionConfigurationPlatforms) = preSolution
		Debug|Any CPU = Debug|Any CPU
		Release|Any CPU = Release|Any CPU
	EndGlobalSection
	GlobalSection(ProjectConfigurationPlatforms) = postSolution
		{EBF28FCD-5DA0-46D7-A7F3-6D750BA92B94}.Debug|Any CPU.ActiveCfg = Debug|Any CPU
		{EBF28FCD-5DA0-46D7-A7F3-6D750BA92B94}.Debug|Any CPU.Build.0 = Debug|Any CPU
		{EBF28FCD-5DA0-46D7-A7F3-6D750BA92B94}.Release|Any CPU.ActiveCfg = Release|Any CPU
		{EBF28FCD-5DA0-46D7-A7F3-6D750BA92B94}.Release|Any CPU.Build.0 = Release|Any CPU
	EndGlobalSection
	GlobalSection(SolutionProperties) = preSolution
		HideSolutionNode = FALSE
	EndGlobalSection
	GlobalSection(ExtensibilityGlobals) = postSolution
		SolutionGuid = {232EFEBC-F7A9-4877-B4D4-891FF2D11DDA}
	EndGlobalSection
EndGlobal
