
Microsoft Visual Studio Solution File, Format Version 12.00
# Visual Studio Version 17
VisualStudioVersion = 17.0.31903.59
MinimumVisualStudioVersion = 10.0.40219.1
Project("{FAE04EC0-301F-11D3-BF4B-00C04F79EFBC}") = "ConsoleApp1", "ConsoleApp1\ConsoleApp1.csproj", "{D474C18C-7377-4C81-8993-34B76EDB74BD}"
EndProject
Project("{FAE04EC0-301F-11D3-BF4B-00C04F79EFBC}") = "ConsoleApp2", "ConsoleApp2\ConsoleApp2.csproj", "{1036C774-4603-4E77-A2C9-D119B00B5901}"
EndProject
Project("{FAE04EC0-301F-11D3-BF4B-00C04F79EFBC}") = "Task2", "Task2\Task2.csproj", "{A61442F9-2F0F-405A-B543-CB3DC02FF259}"
EndProject
Global
	GlobalSection(SolutionConfigurationPlatforms) = preSolution
		Debug|Any CPU = Debug|Any CPU
		Release|Any CPU = Release|Any CPU
	EndGlobalSection
	GlobalSection(SolutionProperties) = preSolution
		HideSolutionNode = FALSE
	EndGlobalSection
	GlobalSection(ProjectConfigurationPlatforms) = postSolution
		{D474C18C-7377-4C81-8993-34B76EDB74BD}.Debug|Any CPU.ActiveCfg = Debug|Any CPU
		{D474C18C-7377-4C81-8993-34B76EDB74BD}.Debug|Any CPU.Build.0 = Debug|Any CPU
		{D474C18C-7377-4C81-8993-34B76EDB74BD}.Release|Any CPU.ActiveCfg = Release|Any CPU
		{D474C18C-7377-4C81-8993-34B76EDB74BD}.Release|Any CPU.Build.0 = Release|Any CPU
		{1036C774-4603-4E77-A2C9-D119B00B5901}.Debug|Any CPU.ActiveCfg = Debug|Any CPU
		{1036C774-4603-4E77-A2C9-D119B00B5901}.Debug|Any CPU.Build.0 = Debug|Any CPU
		{1036C774-4603-4E77-A2C9-D119B00B5901}.Release|Any CPU.ActiveCfg = Release|Any CPU
		{1036C774-4603-4E77-A2C9-D119B00B5901}.Release|Any CPU.Build.0 = Release|Any CPU
		{A61442F9-2F0F-405A-B543-CB3DC02FF259}.Debug|Any CPU.ActiveCfg = Debug|Any CPU
		{A61442F9-2F0F-405A-B543-CB3DC02FF259}.Debug|Any CPU.Build.0 = Debug|Any CPU
		{A61442F9-2F0F-405A-B543-CB3DC02FF259}.Release|Any CPU.ActiveCfg = Release|Any CPU
		{A61442F9-2F0F-405A-B543-CB3DC02FF259}.Release|Any CPU.Build.0 = Release|Any CPU
	EndGlobalSection
EndGlobal
