
Microsoft Visual Studio Solution File, Format Version 12.00
# Visual Studio Version 17
VisualStudioVersion = 17.9.34723.18
MinimumVisualStudioVersion = 10.0.40219.1
Project("{9A19103F-16F7-4668-BE54-9A1E7A4F7556}") = "BloggingApplicationTest", "BloggingApplicationTest.csproj", "{8F3EB4B6-8CA3-427F-B9B4-FBE1AC3A8B76}"
EndProject
Project("{9A19103F-16F7-4668-BE54-9A1E7A4F7556}") = "Blogging Application", "..\Blogging Application\Blogging Application.csproj", "{1792DEC2-D657-4F22-8922-262CD96BF57A}"
EndProject
Global
	GlobalSection(SolutionConfigurationPlatforms) = preSolution
		Debug|Any CPU = Debug|Any CPU
		Release|Any CPU = Release|Any CPU
	EndGlobalSection
	GlobalSection(ProjectConfigurationPlatforms) = postSolution
		{8F3EB4B6-8CA3-427F-B9B4-FBE1AC3A8B76}.Debug|Any CPU.ActiveCfg = Debug|Any CPU
		{8F3EB4B6-8CA3-427F-B9B4-FBE1AC3A8B76}.Debug|Any CPU.Build.0 = Debug|Any CPU
		{8F3EB4B6-8CA3-427F-B9B4-FBE1AC3A8B76}.Release|Any CPU.ActiveCfg = Release|Any CPU
		{8F3EB4B6-8CA3-427F-B9B4-FBE1AC3A8B76}.Release|Any CPU.Build.0 = Release|Any CPU
		{1792DEC2-D657-4F22-8922-262CD96BF57A}.Debug|Any CPU.ActiveCfg = Debug|Any CPU
		{1792DEC2-D657-4F22-8922-262CD96BF57A}.Debug|Any CPU.Build.0 = Debug|Any CPU
		{1792DEC2-D657-4F22-8922-262CD96BF57A}.Release|Any CPU.ActiveCfg = Release|Any CPU
		{1792DEC2-D657-4F22-8922-262CD96BF57A}.Release|Any CPU.Build.0 = Release|Any CPU
	EndGlobalSection
	GlobalSection(SolutionProperties) = preSolution
		HideSolutionNode = FALSE
	EndGlobalSection
	GlobalSection(ExtensibilityGlobals) = postSolution
		SolutionGuid = {EC6BC00B-BC5D-49F1-AC47-71F4A5D76AAB}
	EndGlobalSection
EndGlobal
