
Microsoft Visual Studio Solution File, Format Version 12.00
# Visual Studio Version 17
VisualStudioVersion = 17.9.34723.18
MinimumVisualStudioVersion = 10.0.40219.1
Project("{9A19103F-16F7-4668-BE54-9A1E7A4F7556}") = "Blogging Application", "Blogging Application.csproj", "{9E33FFA6-5FF7-49F8-895A-0649A2A9EF1B}"
EndProject
Project("{9A19103F-16F7-4668-BE54-9A1E7A4F7556}") = "BloggingApplicationTest", "..\BloggingApplicationTest\BloggingApplicationTest.csproj", "{7D3B1E85-DE14-43FE-A090-A170F26909F3}"
EndProject
Global
	GlobalSection(SolutionConfigurationPlatforms) = preSolution
		Debug|Any CPU = Debug|Any CPU
		Release|Any CPU = Release|Any CPU
	EndGlobalSection
	GlobalSection(ProjectConfigurationPlatforms) = postSolution
		{9E33FFA6-5FF7-49F8-895A-0649A2A9EF1B}.Debug|Any CPU.ActiveCfg = Debug|Any CPU
		{9E33FFA6-5FF7-49F8-895A-0649A2A9EF1B}.Debug|Any CPU.Build.0 = Debug|Any CPU
		{9E33FFA6-5FF7-49F8-895A-0649A2A9EF1B}.Release|Any CPU.ActiveCfg = Release|Any CPU
		{9E33FFA6-5FF7-49F8-895A-0649A2A9EF1B}.Release|Any CPU.Build.0 = Release|Any CPU
		{7D3B1E85-DE14-43FE-A090-A170F26909F3}.Debug|Any CPU.ActiveCfg = Debug|Any CPU
		{7D3B1E85-DE14-43FE-A090-A170F26909F3}.Debug|Any CPU.Build.0 = Debug|Any CPU
		{7D3B1E85-DE14-43FE-A090-A170F26909F3}.Release|Any CPU.ActiveCfg = Release|Any CPU
		{7D3B1E85-DE14-43FE-A090-A170F26909F3}.Release|Any CPU.Build.0 = Release|Any CPU
	EndGlobalSection
	GlobalSection(SolutionProperties) = preSolution
		HideSolutionNode = FALSE
	EndGlobalSection
	GlobalSection(ExtensibilityGlobals) = postSolution
		SolutionGuid = {009718F8-E5E0-4F42-9800-101CC0469328}
	EndGlobalSection
EndGlobal
